<?xml version="1.0" encoding="utf-8"?>
<Project ToolsVersion="4.0" xmlns="http://schemas.microsoft.com/developer/msbuild/2003">
  <ItemGroup>
    <Filter Include="Source Files">
      <UniqueIdentifier>{4FC737F1-C7A5-4376-A066-2A32D752A2FF}</UniqueIdentifier>
      <Extensions>cpp;c;cc;cxx;def;odl;idl;hpj;bat;asm;asmx</Extensions>
    </Filter>
    <Filter Include="Header Files">
      <UniqueIdentifier>{93995380-89BD-4b04-88EB-625FBE52EBFB}</UniqueIdentifier>
      <Extensions>h;hh;hpp;hxx;hm;inl;inc;xsd</Extensions>
    </Filter>
    <Filter Include="Misc Files">
      <UniqueIdentifier>{67DA6AB6-F800-4c08-8B7A-83BB121AAD01}</UniqueIdentifier>
      <Extensions>xml;json;txt;rc;ico;cur;bmp;dlg;rc2;rct;bin;rgs;gif;jpg;jpeg;jpe;resx;tiff;tif;png;wav;mfcribbon-ms</Extensions>
    </Filter>
  </ItemGroup>
  <ItemGroup>
    <None Include="src\arduino folders read me.txt">
      <Filter>Misc Files</Filter>
    </None>
    <None Include="Printer_Wireless-ESP8266.ino" />
  </ItemGroup>
  <ItemGroup>
    <ClInclude Include="__vm\.ESP8266_PrinterWireless.vsarduino.h">
      <Filter>Header Files</Filter>
    </ClInclude>
    <ClInclude Include="__vm\.Printer_Wireless-ESP8266.vsarduino.h">
      <Filter>Header Files</Filter>
    </ClInclude>
  </ItemGroup>
  <ItemGroup>
    <ClCompile Include="C:\Users\wlf_x\AppData\Local\Arduino15\packages\esp8266\hardware\esp8266\2.6.3\libraries\ESP8266WiFi\src\WiFiClient.cpp">
      <Filter>Source Files</Filter>
    </ClCompile>
    <ClCompile Include="C:\Users\wlf_x\AppData\Local\Arduino15\packages\esp8266\hardware\esp8266\2.6.3\libraries\ESP8266WiFi\src\WiFiClientSecureAxTLS.cpp">
      <Filter>Source Files</Filter>
    </ClCompile>
    <ClCompile Include="C:\Users\wlf_x\AppData\Local\Arduino15\packages\esp8266\hardware\esp8266\2.6.3\libraries\ESP8266WiFi\src\WiFiClientSecureBearSSL.cpp">
      <Filter>Source Files</Filter>
    </ClCompile>
    <ClCompile Include="C:\Users\wlf_x\AppData\Local\Arduino15\packages\esp8266\hardware\esp8266\2.6.3\libraries\ESP8266WiFi\src\WiFiServer.cpp">
      <Filter>Source Files</Filter>
    </ClCompile>
    <ClCompile Include="C:\Users\wlf_x\AppData\Local\Arduino15\packages\esp8266\hardware\esp8266\2.6.3\libraries\ESP8266WiFi\src\WiFiServerSecureAxTLS.cpp">
      <Filter>Source Files</Filter>
    </ClCompile>
    <ClCompile Include="C:\Users\wlf_x\AppData\Local\Arduino15\packages\esp8266\hardware\esp8266\2.6.3\libraries\ESP8266WiFi\src\WiFiServerSecureBearSSL.cpp">
      <Filter>Source Files</Filter>
    </ClCompile>
    <ClCompile Include="C:\Users\wlf_x\AppData\Local\Arduino15\packages\esp8266\hardware\esp8266\2.6.3\libraries\ESP8266WiFi\src\WiFiUdp.cpp">
      <Filter>Source Files</Filter>
    </ClCompile>
    <ClCompile Include="src\BearSSLHelpers.cpp">
      <Filter>Source Files</Filter>
    </ClCompile>
    <ClCompile Include="src\CertStoreBearSSL.cpp">
      <Filter>Source Files</Filter>
    </ClCompile>
    <ClCompile Include="src\ESP8266WiFi.cpp">
      <Filter>Source Files</Filter>
    </ClCompile>
    <ClCompile Include="src\ESP8266WiFiAP.cpp">
      <Filter>Source Files</Filter>
    </ClCompile>
    <ClCompile Include="src\ESP8266WiFiGeneric.cpp">
      <Filter>Source Files</Filter>
    </ClCompile>
    <ClCompile Include="src\ESP8266WiFiMulti.cpp">
      <Filter>Source Files</Filter>
    </ClCompile>
    <ClCompile Include="src\ESP8266WiFiScan.cpp">
      <Filter>Source Files</Filter>
    </ClCompile>
    <ClCompile Include="src\ESP8266WiFiSTA.cpp">
      <Filter>Source Files</Filter>
    </ClCompile>
    <ClCompile Include="src\ESP8266WiFiSTA-WPS.cpp">
      <Filter>Source Files</Filter>
    </ClCompile>
    <ClCompile Include="src\WiFiClient.cpp">
      <Filter>Source Files</Filter>
    </ClCompile>
    <ClCompile Include="src\WiFiClientSecureAxTLS.cpp">
      <Filter>Source Files</Filter>
    </ClCompile>
    <ClCompile Include="src\WiFiClientSecureBearSSL.cpp">
      <Filter>Source Files</Filter>
    </ClCompile>
    <ClCompile Include="src\WiFiServer.cpp">
      <Filter>Source Files</Filter>
    </ClCompile>
    <ClCompile Include="src\WiFiServerSecureAxTLS.cpp">
      <Filter>Source Files</Filter>
    </ClCompile>
    <ClCompile Include="src\WiFiServerSecureBearSSL.cpp">
      <Filter>Source Files</Filter>
    </ClCompile>
    <ClCompile Include="src\WiFiUdp.cpp">
      <Filter>Source Files</Filter>
    </ClCompile>
  </ItemGroup>
</Project>